
Microsoft Visual Studio Solution File, Format Version 12.00
# Visual Studio Version 17
VisualStudioVersion = 17.4.33122.133
MinimumVisualStudioVersion = 10.0.40219.1
Project("{FAE04EC0-301F-11D3-BF4B-00C04F79EFBC}") = "Wordfind_Generator", "Wordfind_Generator.csproj", "{3282CB49-9C0D-494E-8ABC-35F05D2FB7FE}"
EndProject
Global
	GlobalSection(SolutionConfigurationPlatforms) = preSolution
		Debug|Any CPU = Debug|Any CPU
		Release|Any CPU = Release|Any CPU
	EndGlobalSection
	GlobalSection(ProjectConfigurationPlatforms) = postSolution
		{3282CB49-9C0D-494E-8ABC-35F05D2FB7FE}.Debug|Any CPU.ActiveCfg = Debug|Any CPU
		{3282CB49-9C0D-494E-8ABC-35F05D2FB7FE}.Debug|Any CPU.Build.0 = Debug|Any CPU
		{3282CB49-9C0D-494E-8ABC-35F05D2FB7FE}.Release|Any CPU.ActiveCfg = Release|Any CPU
		{3282CB49-9C0D-494E-8ABC-35F05D2FB7FE}.Release|Any CPU.Build.0 = Release|Any CPU
	EndGlobalSection
	GlobalSection(SolutionProperties) = preSolution
		HideSolutionNode = FALSE
	EndGlobalSection
	GlobalSection(ExtensibilityGlobals) = postSolution
		SolutionGuid = {C7C3888F-17B0-44F9-B8BE-B70DD0035F48}
	EndGlobalSection
EndGlobal
